
Microsoft Visual Studio Solution File, Format Version 12.00
# Visual Studio 2013
VisualStudioVersion = 12.0.40629.0
MinimumVisualStudioVersion = 10.0.40219.1
Project("{8BC9CEB8-8B4A-11D0-8D11-00A0C91BC942}") = "ExeclWithQt", "ExeclWithQt\ExeclWithQt.vcxproj", "{309CA3B3-FF38-40E8-BB81-CB6C7717864C}"
EndProject
Project("{8BC9CEB8-8B4A-11D0-8D11-00A0C91BC942}") = "SqliteIWork", "SqliteIWork\SqliteIWork.vcxproj", "{B1FB74F6-9D93-408A-A446-2A710559051D}"
EndProject
Global
	GlobalSection(SolutionConfigurationPlatforms) = preSolution
		Release|Win32 = Release|Win32
	EndGlobalSection
	GlobalSection(ProjectConfigurationPlatforms) = postSolution
		{309CA3B3-FF38-40E8-BB81-CB6C7717864C}.Release|Win32.ActiveCfg = Release|Win32
		{309CA3B3-FF38-40E8-BB81-CB6C7717864C}.Release|Win32.Build.0 = Release|Win32
		{B1FB74F6-9D93-408A-A446-2A710559051D}.Release|Win32.ActiveCfg = Release|Win32
		{B1FB74F6-9D93-408A-A446-2A710559051D}.Release|Win32.Build.0 = Release|Win32
	EndGlobalSection
	GlobalSection(SolutionProperties) = preSolution
		HideSolutionNode = FALSE
	EndGlobalSection
EndGlobal
