
Microsoft Visual Studio Solution File, Format Version 12.00
# Visual Studio 2013
VisualStudioVersion = 12.0.40629.0
MinimumVisualStudioVersion = 10.0.40219.1
Project("{8BC9CEB8-8B4A-11D0-8D11-00A0C91BC942}") = "SqliteWork", "SqliteWork\SqliteWork.vcxproj", "{B12702AD-ABFB-343A-A199-8E24837244A3}"
EndProject
Project("{8BC9CEB8-8B4A-11D0-8D11-00A0C91BC942}") = "ExeclWork", "ExeclWork\ExeclWork.vcxproj", "{04BF4E13-E5CA-451B-B95D-33AF44596DA8}"
EndProject
Project("{8BC9CEB8-8B4A-11D0-8D11-00A0C91BC942}") = "GdiShow", "GdiShow\GdiShow.vcxproj", "{38D6C399-ED01-43FB-8F02-AD70CC61C1BF}"
EndProject
Project("{8BC9CEB8-8B4A-11D0-8D11-00A0C91BC942}") = "DirectX_Surface", "DirectX_Surface\DIrectX_Surface.vcxproj", "{F431E06D-62CB-4BA0-B569-3D204AA1CFAE}"
EndProject
Project("{8BC9CEB8-8B4A-11D0-8D11-00A0C91BC942}") = "DirectX_Texture", "DirectX_Texture\DirectX_Texture.vcxproj", "{5DC17EA4-6A82-4F5D-88C1-189877AA9A16}"
EndProject
Global
	GlobalSection(SolutionConfigurationPlatforms) = preSolution
		Release|Win32 = Release|Win32
	EndGlobalSection
	GlobalSection(ProjectConfigurationPlatforms) = postSolution
		{B12702AD-ABFB-343A-A199-8E24837244A3}.Release|Win32.ActiveCfg = Release|Win32
		{B12702AD-ABFB-343A-A199-8E24837244A3}.Release|Win32.Build.0 = Release|Win32
		{04BF4E13-E5CA-451B-B95D-33AF44596DA8}.Release|Win32.ActiveCfg = Release|Win32
		{04BF4E13-E5CA-451B-B95D-33AF44596DA8}.Release|Win32.Build.0 = Release|Win32
		{38D6C399-ED01-43FB-8F02-AD70CC61C1BF}.Release|Win32.ActiveCfg = Release|Win32
		{38D6C399-ED01-43FB-8F02-AD70CC61C1BF}.Release|Win32.Build.0 = Release|Win32
		{F431E06D-62CB-4BA0-B569-3D204AA1CFAE}.Release|Win32.ActiveCfg = Release|Win32
		{F431E06D-62CB-4BA0-B569-3D204AA1CFAE}.Release|Win32.Build.0 = Release|Win32
		{5DC17EA4-6A82-4F5D-88C1-189877AA9A16}.Release|Win32.ActiveCfg = Release|Win32
		{5DC17EA4-6A82-4F5D-88C1-189877AA9A16}.Release|Win32.Build.0 = Release|Win32
	EndGlobalSection
	GlobalSection(SolutionProperties) = preSolution
		HideSolutionNode = FALSE
	EndGlobalSection
EndGlobal
