
Microsoft Visual Studio Solution File, Format Version 12.00
# Visual Studio 2013
VisualStudioVersion = 12.0.40629.0
MinimumVisualStudioVersion = 10.0.40219.1
Project("{8BC9CEB8-8B4A-11D0-8D11-00A0C91BC942}") = "SqliteWork", "SqliteWork\SqliteWork.vcxproj", "{B12702AD-ABFB-343A-A199-8E24837244A3}"
EndProject
Project("{8BC9CEB8-8B4A-11D0-8D11-00A0C91BC942}") = "ExeclWork", "ExeclWork\ExeclWork.vcxproj", "{04BF4E13-E5CA-451B-B95D-33AF44596DA8}"
EndProject
Project("{8BC9CEB8-8B4A-11D0-8D11-00A0C91BC942}") = "GdiShow", "GdiShow\GdiShow.vcxproj", "{38D6C399-ED01-43FB-8F02-AD70CC61C1BF}"
EndProject
Project("{8BC9CEB8-8B4A-11D0-8D11-00A0C91BC942}") = "DirectX_Surface", "DirectX_Surface\DIrectX_Surface.vcxproj", "{F431E06D-62CB-4BA0-B569-3D204AA1CFAE}"
EndProject
Project("{8BC9CEB8-8B4A-11D0-8D11-00A0C91BC942}") = "DirectX_Texture", "DirectX_Texture\DirectX_Texture.vcxproj", "{5DC17EA4-6A82-4F5D-88C1-189877AA9A16}"
EndProject
Project("{2150E333-8FDC-42A3-9474-1A3956D46DE8}") = "MediaSdk", "MediaSdk", "{4AC0A0ED-A917-42A8-B497-F217C759BF9A}"
EndProject
Project("{8BC9CEB8-8B4A-11D0-8D11-00A0C91BC942}") = "imfx_common", "imfx_common\imfx_common.vcxproj", "{A7FEC44C-6F78-428B-AB15-619DA14BB3D9}"
EndProject
Project("{8BC9CEB8-8B4A-11D0-8D11-00A0C91BC942}") = "SampleDecodeShow", "SampleDecodeShow\SampleDecodeShow.vcxproj", "{73F96002-2704-4BFF-AAA7-A649D4F9BCB6}"
	ProjectSection(ProjectDependencies) = postProject
		{81608352-6688-4E92-AC1C-2FF622F1444A} = {81608352-6688-4E92-AC1C-2FF622F1444A}
	EndProjectSection
EndProject
Project("{8BC9CEB8-8B4A-11D0-8D11-00A0C91BC942}") = "imfx_decode", "imfx_decode\imfx_decode.vcxproj", "{63D4ABC3-8374-44FC-B2B5-F699A29FEF50}"
	ProjectSection(ProjectDependencies) = postProject
		{A7FEC44C-6F78-428B-AB15-619DA14BB3D9} = {A7FEC44C-6F78-428B-AB15-619DA14BB3D9}
	EndProjectSection
EndProject
Project("{8BC9CEB8-8B4A-11D0-8D11-00A0C91BC942}") = "imfx_encode", "imfx_encode\imfx_encode.vcxproj", "{6CC897F1-8725-4550-BD23-709E79C5AF5B}"
	ProjectSection(ProjectDependencies) = postProject
		{A7FEC44C-6F78-428B-AB15-619DA14BB3D9} = {A7FEC44C-6F78-428B-AB15-619DA14BB3D9}
	EndProjectSection
EndProject
Project("{8BC9CEB8-8B4A-11D0-8D11-00A0C91BC942}") = "imfx_vpp", "imfx_vpp\imfx_vpp.vcxproj", "{BE3191FA-0361-4C87-A4A2-12777949E429}"
	ProjectSection(ProjectDependencies) = postProject
		{A7FEC44C-6F78-428B-AB15-619DA14BB3D9} = {A7FEC44C-6F78-428B-AB15-619DA14BB3D9}
	EndProjectSection
EndProject
Project("{8BC9CEB8-8B4A-11D0-8D11-00A0C91BC942}") = "imfx_plugin", "imfx_plugin\imfx_plugin.vcxproj", "{724D6FF5-7FC8-4FFB-ABF0-83B5594B7C21}"
	ProjectSection(ProjectDependencies) = postProject
		{A7FEC44C-6F78-428B-AB15-619DA14BB3D9} = {A7FEC44C-6F78-428B-AB15-619DA14BB3D9}
	EndProjectSection
EndProject
Project("{8BC9CEB8-8B4A-11D0-8D11-00A0C91BC942}") = "imfx_interface", "imfx_interface\imfx_interface.vcxproj", "{81608352-6688-4E92-AC1C-2FF622F1444A}"
	ProjectSection(ProjectDependencies) = postProject
		{A7FEC44C-6F78-428B-AB15-619DA14BB3D9} = {A7FEC44C-6F78-428B-AB15-619DA14BB3D9}
		{63D4ABC3-8374-44FC-B2B5-F699A29FEF50} = {63D4ABC3-8374-44FC-B2B5-F699A29FEF50}
		{6CC897F1-8725-4550-BD23-709E79C5AF5B} = {6CC897F1-8725-4550-BD23-709E79C5AF5B}
		{724D6FF5-7FC8-4FFB-ABF0-83B5594B7C21} = {724D6FF5-7FC8-4FFB-ABF0-83B5594B7C21}
		{BE3191FA-0361-4C87-A4A2-12777949E429} = {BE3191FA-0361-4C87-A4A2-12777949E429}
	EndProjectSection
EndProject
Project("{8BC9CEB8-8B4A-11D0-8D11-00A0C91BC942}") = "ALLBuild", "ALLBuild\ALLBuild.vcxproj", "{DE168FA2-ED95-4A0D-BD42-5912F000A0BB}"
	ProjectSection(ProjectDependencies) = postProject
		{73F96002-2704-4BFF-AAA7-A649D4F9BCB6} = {73F96002-2704-4BFF-AAA7-A649D4F9BCB6}
		{97980305-55B4-49E0-9778-45D9337C2C2C} = {97980305-55B4-49E0-9778-45D9337C2C2C}
		{04BF4E13-E5CA-451B-B95D-33AF44596DA8} = {04BF4E13-E5CA-451B-B95D-33AF44596DA8}
		{36B06A2A-2F5E-4A33-9FF5-38F272767876} = {36B06A2A-2F5E-4A33-9FF5-38F272767876}
		{A160F02F-8FE4-4910-96D9-E763B6ED826D} = {A160F02F-8FE4-4910-96D9-E763B6ED826D}
		{0219BE67-D134-4CA0-A7AC-7C4065427B4B} = {0219BE67-D134-4CA0-A7AC-7C4065427B4B}
		{F431E06D-62CB-4BA0-B569-3D204AA1CFAE} = {F431E06D-62CB-4BA0-B569-3D204AA1CFAE}
		{4E5E6485-E153-4D81-ACEC-D39167758F27} = {4E5E6485-E153-4D81-ACEC-D39167758F27}
		{E15ED587-3FF6-421B-AFF8-2CA034839F34} = {E15ED587-3FF6-421B-AFF8-2CA034839F34}
		{38D6C399-ED01-43FB-8F02-AD70CC61C1BF} = {38D6C399-ED01-43FB-8F02-AD70CC61C1BF}
		{5DC17EA4-6A82-4F5D-88C1-189877AA9A16} = {5DC17EA4-6A82-4F5D-88C1-189877AA9A16}
		{B12702AD-ABFB-343A-A199-8E24837244A3} = {B12702AD-ABFB-343A-A199-8E24837244A3}
		{3D4A16B6-AACC-4BB2-BEC8-CCA04783FC23} = {3D4A16B6-AACC-4BB2-BEC8-CCA04783FC23}
		{BC9A0EC5-38C4-4AAC-929C-CC0FCE516DE9} = {BC9A0EC5-38C4-4AAC-929C-CC0FCE516DE9}
		{0736FAED-1A17-470C-B0FC-40DAAED0C08B} = {0736FAED-1A17-470C-B0FC-40DAAED0C08B}
	EndProjectSection
EndProject
Project("{8BC9CEB8-8B4A-11D0-8D11-00A0C91BC942}") = "ExactTimer", "ExactTimer\ExactTimer.vcxproj", "{0736FAED-1A17-470C-B0FC-40DAAED0C08B}"
EndProject
Project("{8BC9CEB8-8B4A-11D0-8D11-00A0C91BC942}") = "MessageBox", "MessageBox\MessageBox.vcxproj", "{0219BE67-D134-4CA0-A7AC-7C4065427B4B}"
EndProject
Project("{8BC9CEB8-8B4A-11D0-8D11-00A0C91BC942}") = "RSATest", "RSATest\RSATest.vcxproj", "{36B06A2A-2F5E-4A33-9FF5-38F272767876}"
EndProject
Project("{8BC9CEB8-8B4A-11D0-8D11-00A0C91BC942}") = "XmlParse", "XmlParse\XmlParse.vcxproj", "{E15ED587-3FF6-421B-AFF8-2CA034839F34}"
EndProject
Project("{2150E333-8FDC-42A3-9474-1A3956D46DE8}") = "Windbg", "Windbg", "{E6F58F82-249E-4B50-9C41-83EA6A4B0CFD}"
EndProject
Project("{8BC9CEB8-8B4A-11D0-8D11-00A0C91BC942}") = "DeadCriticalSection", "DeadCriticalSection\DeadCriticalSection.vcxproj", "{4E5E6485-E153-4D81-ACEC-D39167758F27}"
EndProject
Project("{8BC9CEB8-8B4A-11D0-8D11-00A0C91BC942}") = "DeadMutex", "DeadMutex\DeadMutex.vcxproj", "{97980305-55B4-49E0-9778-45D9337C2C2C}"
EndProject
Project("{8BC9CEB8-8B4A-11D0-8D11-00A0C91BC942}") = "DebugEvent", "DebugEvent\DebugEvent.vcxproj", "{A160F02F-8FE4-4910-96D9-E763B6ED826D}"
EndProject
Project("{8BC9CEB8-8B4A-11D0-8D11-00A0C91BC942}") = "MemLeak", "MemLeak\MemLeak.vcxproj", "{BC9A0EC5-38C4-4AAC-929C-CC0FCE516DE9}"
EndProject
Project("{2150E333-8FDC-42A3-9474-1A3956D46DE8}") = "DLLExport", "DLLExport", "{D106465B-6C27-4A87-B8CE-B393CC9CF4A0}"
EndProject
Project("{8BC9CEB8-8B4A-11D0-8D11-00A0C91BC942}") = "BaseTest", "BaseTest\BaseTest.vcxproj", "{3D4A16B6-AACC-4BB2-BEC8-CCA04783FC23}"
	ProjectSection(ProjectDependencies) = postProject
		{2000A452-D795-4F69-8E27-E9800537A879} = {2000A452-D795-4F69-8E27-E9800537A879}
	EndProjectSection
EndProject
Project("{8BC9CEB8-8B4A-11D0-8D11-00A0C91BC942}") = "BaseLib", "BaseLib\BaseLib.vcxproj", "{2000A452-D795-4F69-8E27-E9800537A879}"
EndProject
Project("{8BC9CEB8-8B4A-11D0-8D11-00A0C91BC942}") = "protobufApp", "protobufApp\protobufApp.vcxproj", "{7084F3B9-ABAE-4650-B527-A510F7557BA9}"
EndProject
Project("{2150E333-8FDC-42A3-9474-1A3956D46DE8}") = "HookApp", "HookApp", "{A845B964-D29A-4B4D-8EFC-136B09EB1055}"
EndProject
Project("{2150E333-8FDC-42A3-9474-1A3956D46DE8}") = "KeyMouseHook", "KeyMouseHook", "{10588BC6-265B-4634-A8F8-5A90BEFCC090}"
EndProject
Project("{8BC9CEB8-8B4A-11D0-8D11-00A0C91BC942}") = "KeyMouseHook", "KeyMouseHook\KeyMouseHook.vcxproj", "{167F6255-7BCB-426D-8B9C-D13433C89407}"
EndProject
Project("{8BC9CEB8-8B4A-11D0-8D11-00A0C91BC942}") = "KeyMouseHookApp", "KeyMouseHookApp\KeyMouseHookApp.vcxproj", "{19ABB0FB-A321-4F50-9748-D3B1133810B6}"
	ProjectSection(ProjectDependencies) = postProject
		{167F6255-7BCB-426D-8B9C-D13433C89407} = {167F6255-7BCB-426D-8B9C-D13433C89407}
	EndProjectSection
EndProject
Global
	GlobalSection(SolutionConfigurationPlatforms) = preSolution
		Release|Win32 = Release|Win32
	EndGlobalSection
	GlobalSection(ProjectConfigurationPlatforms) = postSolution
		{B12702AD-ABFB-343A-A199-8E24837244A3}.Release|Win32.ActiveCfg = Release|Win32
		{B12702AD-ABFB-343A-A199-8E24837244A3}.Release|Win32.Build.0 = Release|Win32
		{04BF4E13-E5CA-451B-B95D-33AF44596DA8}.Release|Win32.ActiveCfg = Release|Win32
		{04BF4E13-E5CA-451B-B95D-33AF44596DA8}.Release|Win32.Build.0 = Release|Win32
		{38D6C399-ED01-43FB-8F02-AD70CC61C1BF}.Release|Win32.ActiveCfg = Release|Win32
		{38D6C399-ED01-43FB-8F02-AD70CC61C1BF}.Release|Win32.Build.0 = Release|Win32
		{F431E06D-62CB-4BA0-B569-3D204AA1CFAE}.Release|Win32.ActiveCfg = Release|Win32
		{F431E06D-62CB-4BA0-B569-3D204AA1CFAE}.Release|Win32.Build.0 = Release|Win32
		{5DC17EA4-6A82-4F5D-88C1-189877AA9A16}.Release|Win32.ActiveCfg = Release|Win32
		{5DC17EA4-6A82-4F5D-88C1-189877AA9A16}.Release|Win32.Build.0 = Release|Win32
		{A7FEC44C-6F78-428B-AB15-619DA14BB3D9}.Release|Win32.ActiveCfg = Release|Win32
		{A7FEC44C-6F78-428B-AB15-619DA14BB3D9}.Release|Win32.Build.0 = Release|Win32
		{73F96002-2704-4BFF-AAA7-A649D4F9BCB6}.Release|Win32.ActiveCfg = Release|Win32
		{73F96002-2704-4BFF-AAA7-A649D4F9BCB6}.Release|Win32.Build.0 = Release|Win32
		{63D4ABC3-8374-44FC-B2B5-F699A29FEF50}.Release|Win32.ActiveCfg = Release|Win32
		{63D4ABC3-8374-44FC-B2B5-F699A29FEF50}.Release|Win32.Build.0 = Release|Win32
		{6CC897F1-8725-4550-BD23-709E79C5AF5B}.Release|Win32.ActiveCfg = Release|Win32
		{6CC897F1-8725-4550-BD23-709E79C5AF5B}.Release|Win32.Build.0 = Release|Win32
		{BE3191FA-0361-4C87-A4A2-12777949E429}.Release|Win32.ActiveCfg = Release|Win32
		{BE3191FA-0361-4C87-A4A2-12777949E429}.Release|Win32.Build.0 = Release|Win32
		{724D6FF5-7FC8-4FFB-ABF0-83B5594B7C21}.Release|Win32.ActiveCfg = Release|Win32
		{724D6FF5-7FC8-4FFB-ABF0-83B5594B7C21}.Release|Win32.Build.0 = Release|Win32
		{81608352-6688-4E92-AC1C-2FF622F1444A}.Release|Win32.ActiveCfg = Release|Win32
		{81608352-6688-4E92-AC1C-2FF622F1444A}.Release|Win32.Build.0 = Release|Win32
		{DE168FA2-ED95-4A0D-BD42-5912F000A0BB}.Release|Win32.ActiveCfg = Release|Win32
		{DE168FA2-ED95-4A0D-BD42-5912F000A0BB}.Release|Win32.Build.0 = Release|Win32
		{0736FAED-1A17-470C-B0FC-40DAAED0C08B}.Release|Win32.ActiveCfg = Release|Win32
		{0736FAED-1A17-470C-B0FC-40DAAED0C08B}.Release|Win32.Build.0 = Release|Win32
		{0219BE67-D134-4CA0-A7AC-7C4065427B4B}.Release|Win32.ActiveCfg = Release|Win32
		{0219BE67-D134-4CA0-A7AC-7C4065427B4B}.Release|Win32.Build.0 = Release|Win32
		{36B06A2A-2F5E-4A33-9FF5-38F272767876}.Release|Win32.ActiveCfg = Release|Win32
		{36B06A2A-2F5E-4A33-9FF5-38F272767876}.Release|Win32.Build.0 = Release|Win32
		{E15ED587-3FF6-421B-AFF8-2CA034839F34}.Release|Win32.ActiveCfg = Release|Win32
		{E15ED587-3FF6-421B-AFF8-2CA034839F34}.Release|Win32.Build.0 = Release|Win32
		{4E5E6485-E153-4D81-ACEC-D39167758F27}.Release|Win32.ActiveCfg = Release|Win32
		{4E5E6485-E153-4D81-ACEC-D39167758F27}.Release|Win32.Build.0 = Release|Win32
		{97980305-55B4-49E0-9778-45D9337C2C2C}.Release|Win32.ActiveCfg = Release|Win32
		{97980305-55B4-49E0-9778-45D9337C2C2C}.Release|Win32.Build.0 = Release|Win32
		{A160F02F-8FE4-4910-96D9-E763B6ED826D}.Release|Win32.ActiveCfg = Release|Win32
		{A160F02F-8FE4-4910-96D9-E763B6ED826D}.Release|Win32.Build.0 = Release|Win32
		{BC9A0EC5-38C4-4AAC-929C-CC0FCE516DE9}.Release|Win32.ActiveCfg = Release|Win32
		{BC9A0EC5-38C4-4AAC-929C-CC0FCE516DE9}.Release|Win32.Build.0 = Release|Win32
		{3D4A16B6-AACC-4BB2-BEC8-CCA04783FC23}.Release|Win32.ActiveCfg = Release|Win32
		{3D4A16B6-AACC-4BB2-BEC8-CCA04783FC23}.Release|Win32.Build.0 = Release|Win32
		{2000A452-D795-4F69-8E27-E9800537A879}.Release|Win32.ActiveCfg = Release|Win32
		{2000A452-D795-4F69-8E27-E9800537A879}.Release|Win32.Build.0 = Release|Win32
		{7084F3B9-ABAE-4650-B527-A510F7557BA9}.Release|Win32.ActiveCfg = Release|Win32
		{7084F3B9-ABAE-4650-B527-A510F7557BA9}.Release|Win32.Build.0 = Release|Win32
		{167F6255-7BCB-426D-8B9C-D13433C89407}.Release|Win32.ActiveCfg = Release|Win32
		{167F6255-7BCB-426D-8B9C-D13433C89407}.Release|Win32.Build.0 = Release|Win32
		{19ABB0FB-A321-4F50-9748-D3B1133810B6}.Release|Win32.ActiveCfg = Release|Win32
		{19ABB0FB-A321-4F50-9748-D3B1133810B6}.Release|Win32.Build.0 = Release|Win32
	EndGlobalSection
	GlobalSection(SolutionProperties) = preSolution
		HideSolutionNode = FALSE
	EndGlobalSection
	GlobalSection(NestedProjects) = preSolution
		{A7FEC44C-6F78-428B-AB15-619DA14BB3D9} = {4AC0A0ED-A917-42A8-B497-F217C759BF9A}
		{73F96002-2704-4BFF-AAA7-A649D4F9BCB6} = {4AC0A0ED-A917-42A8-B497-F217C759BF9A}
		{63D4ABC3-8374-44FC-B2B5-F699A29FEF50} = {4AC0A0ED-A917-42A8-B497-F217C759BF9A}
		{6CC897F1-8725-4550-BD23-709E79C5AF5B} = {4AC0A0ED-A917-42A8-B497-F217C759BF9A}
		{BE3191FA-0361-4C87-A4A2-12777949E429} = {4AC0A0ED-A917-42A8-B497-F217C759BF9A}
		{724D6FF5-7FC8-4FFB-ABF0-83B5594B7C21} = {4AC0A0ED-A917-42A8-B497-F217C759BF9A}
		{81608352-6688-4E92-AC1C-2FF622F1444A} = {4AC0A0ED-A917-42A8-B497-F217C759BF9A}
		{4E5E6485-E153-4D81-ACEC-D39167758F27} = {E6F58F82-249E-4B50-9C41-83EA6A4B0CFD}
		{97980305-55B4-49E0-9778-45D9337C2C2C} = {E6F58F82-249E-4B50-9C41-83EA6A4B0CFD}
		{A160F02F-8FE4-4910-96D9-E763B6ED826D} = {E6F58F82-249E-4B50-9C41-83EA6A4B0CFD}
		{BC9A0EC5-38C4-4AAC-929C-CC0FCE516DE9} = {E6F58F82-249E-4B50-9C41-83EA6A4B0CFD}
		{3D4A16B6-AACC-4BB2-BEC8-CCA04783FC23} = {D106465B-6C27-4A87-B8CE-B393CC9CF4A0}
		{2000A452-D795-4F69-8E27-E9800537A879} = {D106465B-6C27-4A87-B8CE-B393CC9CF4A0}
		{10588BC6-265B-4634-A8F8-5A90BEFCC090} = {A845B964-D29A-4B4D-8EFC-136B09EB1055}
		{167F6255-7BCB-426D-8B9C-D13433C89407} = {10588BC6-265B-4634-A8F8-5A90BEFCC090}
		{19ABB0FB-A321-4F50-9748-D3B1133810B6} = {10588BC6-265B-4634-A8F8-5A90BEFCC090}
	EndGlobalSection
EndGlobal
